<?xml version="1.0" encoding="utf-8"?>
<Project ToolsVersion="4.0" xmlns="http://schemas.microsoft.com/developer/msbuild/2003">
  <ItemGroup>
    <Filter Include="Resource Files">
      <UniqueIdentifier>{67DA6AB6-F800-4c08-8B7A-83BB121AAD01}</UniqueIdentifier>
      <Extensions>rc;ico;cur;bmp;dlg;rc2;rct;bin;rgs;gif;jpg;jpeg;jpe;resx;tiff;tif;png;wav;mfcribbon-ms</Extensions>
    </Filter>
    <Filter Include="Main">
      <UniqueIdentifier>{4FC737F1-C7A5-4376-A066-2A32D752A2FF}</UniqueIdentifier>
      <Extensions>cpp;c;cc;cxx;c++;cppm;ixx;def;odl;idl;hpj;bat;asm;asmx</Extensions>
    </Filter>
    <Filter Include="MainGame">
      <UniqueIdentifier>{93995380-89BD-4b04-88EB-625FBE52EBFB}</UniqueIdentifier>
      <Extensions>h;hh;hpp;hxx;h++;hm;inl;inc;ipp;xsd</Extensions>
    </Filter>
    <Filter Include="MainGame\Locator">
      <UniqueIdentifier>{8d3bf9f1-4295-461f-b98c-b159a6422976}</UniqueIdentifier>
    </Filter>
    <Filter Include="MainGame\Animation">
      <UniqueIdentifier>{838c3b4d-a23b-4ddf-88cc-fb23a6bb65d6}</UniqueIdentifier>
    </Filter>
    <Filter Include="MainGame\GameObject">
      <UniqueIdentifier>{e6b8d7c7-2f40-4140-9571-0117c807e1cf}</UniqueIdentifier>
    </Filter>
    <Filter Include="MainGame\DirectX">
      <UniqueIdentifier>{55ed63de-6aaf-4771-95a2-737666aac9e3}</UniqueIdentifier>
    </Filter>
    <Filter Include="MainGame\Game">
      <UniqueIdentifier>{01f77581-0f2f-41d0-b45f-96d77af74546}</UniqueIdentifier>
    </Filter>
    <Filter Include="MainGame\Other">
      <UniqueIdentifier>{45117da6-d66b-4102-acbc-b17337fd1dc0}</UniqueIdentifier>
    </Filter>
    <Filter Include="MainGame\Window">
      <UniqueIdentifier>{76067ca8-3d8e-4e95-af90-ef25162e6fa2}</UniqueIdentifier>
    </Filter>
    <Filter Include="MainGame\Texture">
      <UniqueIdentifier>{469e2c3e-4721-432e-a54f-072e5903b6b6}</UniqueIdentifier>
    </Filter>
    <Filter Include="MainGame\Sprite">
      <UniqueIdentifier>{01c508dd-5dba-48d7-99a9-d90a0a2f0965}</UniqueIdentifier>
    </Filter>
    <Filter Include="MainGame\Input">
      <UniqueIdentifier>{fe9cb3b3-4f9c-4153-82b5-64426afc0f9d}</UniqueIdentifier>
    </Filter>
    <Filter Include="MainGame\Mario">
      <UniqueIdentifier>{2502110c-a11f-4af9-8437-fc8cc6abd055}</UniqueIdentifier>
    </Filter>
    <Filter Include="MainGame\Scene">
      <UniqueIdentifier>{bcdfd4d5-1817-4e79-a4c4-2c5bff0bfb8a}</UniqueIdentifier>
    </Filter>
    <Filter Include="MainGame\Scene\CScenePlay">
      <UniqueIdentifier>{e56cb6e1-6871-484c-b3df-cf04a17920b2}</UniqueIdentifier>
    </Filter>
    <Filter Include="MainGame\Goomba">
      <UniqueIdentifier>{95330f9c-0c02-43d9-9d39-2a109eeba799}</UniqueIdentifier>
    </Filter>
    <Filter Include="MainGame\Brick">
      <UniqueIdentifier>{aeacb753-5b79-4c69-b9f5-b9efab0e7245}</UniqueIdentifier>
    </Filter>
    <Filter Include="MainGame\Command">
      <UniqueIdentifier>{cc6c48c3-16a9-4718-9849-26920187c340}</UniqueIdentifier>
    </Filter>
  </ItemGroup>
  <ItemGroup>
    <ClCompile Include="main.cpp">
      <Filter>Main</Filter>
    </ClCompile>
    <ClCompile Include="CSpritesManager.cpp">
      <Filter>MainGame\Sprite</Filter>
    </ClCompile>
    <ClCompile Include="CSprite.cpp">
      <Filter>MainGame\Sprite</Filter>
    </ClCompile>
    <ClCompile Include="CTexturesManager.cpp">
      <Filter>MainGame\Texture</Filter>
    </ClCompile>
    <ClCompile Include="CAnimation.cpp">
      <Filter>MainGame\Animation</Filter>
    </ClCompile>
    <ClCompile Include="CAnimationFrame.cpp">
      <Filter>MainGame\Animation</Filter>
    </ClCompile>
    <ClCompile Include="CAnimationsManager.cpp">
      <Filter>MainGame\Animation</Filter>
    </ClCompile>
    <ClCompile Include="CWindow.cpp">
      <Filter>MainGame\Window</Filter>
    </ClCompile>
    <ClCompile Include="CGameObject.cpp">
      <Filter>MainGame\GameObject</Filter>
    </ClCompile>
    <ClCompile Include="CLocator.cpp">
      <Filter>MainGame\Locator</Filter>
    </ClCompile>
    <ClCompile Include="CDirectX.cpp">
      <Filter>MainGame\DirectX</Filter>
    </ClCompile>
    <ClCompile Include="Utils.cpp">
      <Filter>MainGame\Other</Filter>
    </ClCompile>
    <ClCompile Include="CGame.cpp">
      <Filter>MainGame\Game</Filter>
    </ClCompile>
    <ClCompile Include="CInput.cpp">
      <Filter>MainGame\Input</Filter>
    </ClCompile>
    <ClCompile Include="CMario.cpp">
      <Filter>MainGame\Mario</Filter>
    </ClCompile>
    <ClCompile Include="CScene.cpp">
      <Filter>MainGame\Scene</Filter>
    </ClCompile>
    <ClCompile Include="CScenePlay.cpp">
      <Filter>MainGame\Scene\CScenePlay</Filter>
    </ClCompile>
    <ClCompile Include="CScenePlayKeyHandler.cpp">
      <Filter>MainGame\Scene\CScenePlay</Filter>
    </ClCompile>
    <ClCompile Include="CKeyEventHandler.cpp">
      <Filter>MainGame\Input</Filter>
    </ClCompile>
    <ClCompile Include="CGoomba.cpp">
      <Filter>MainGame\Goomba</Filter>
    </ClCompile>
    <ClCompile Include="CAnimationSetsManager.cpp">
      <Filter>MainGame\Animation</Filter>
    </ClCompile>
    <ClCompile Include="CBrick.cpp">
      <Filter>MainGame\Brick</Filter>
    </ClCompile>
    <ClCompile Include="CSmallMario.cpp">
      <Filter>MainGame\Mario</Filter>
    </ClCompile>
    <ClCompile Include="MarioController.cpp">
      <Filter>MainGame\Mario</Filter>
    </ClCompile>
    <ClCompile Include="CBigMario.cpp">
      <Filter>MainGame\Mario</Filter>
    </ClCompile>
    <ClCompile Include="CFireMario.cpp">
      <Filter>MainGame\Mario</Filter>
    </ClCompile>
    <ClCompile Include="CRaccoonMario.cpp">
      <Filter>MainGame\Mario</Filter>
    </ClCompile>
    <ClCompile Include="JumpShortCommand.cpp">
      <Filter>Main</Filter>
    </ClCompile>
    <ClCompile Include="IdleCommand.cpp">
      <Filter>Main</Filter>
    </ClCompile>
    <ClCompile Include="WalkCommand.cpp">
      <Filter>Main</Filter>
    </ClCompile>
  </ItemGroup>
  <ItemGroup>
    <ClInclude Include="CLocator.h">
      <Filter>MainGame\Locator</Filter>
    </ClInclude>
    <ClInclude Include="CSpritesManager.h">
      <Filter>MainGame\Sprite</Filter>
    </ClInclude>
    <ClInclude Include="CSprite.h">
      <Filter>MainGame\Sprite</Filter>
    </ClInclude>
    <ClInclude Include="CTexturesManager.h">
      <Filter>MainGame\Texture</Filter>
    </ClInclude>
    <ClInclude Include="CAnimation.h">
      <Filter>MainGame\Animation</Filter>
    </ClInclude>
    <ClInclude Include="CAnimationFrame.h">
      <Filter>MainGame\Animation</Filter>
    </ClInclude>
    <ClInclude Include="CAnimationsManager.h">
      <Filter>MainGame\Animation</Filter>
    </ClInclude>
    <ClInclude Include="CWindow.h">
      <Filter>MainGame\Window</Filter>
    </ClInclude>
    <ClInclude Include="CGameObject.h">
      <Filter>MainGame\GameObject</Filter>
    </ClInclude>
    <ClInclude Include="MarioDefines.h">
      <Filter>MainGame\Other</Filter>
    </ClInclude>
    <ClInclude Include="Utils.h">
      <Filter>MainGame\Other</Filter>
    </ClInclude>
    <ClInclude Include="CDirectX.h">
      <Filter>MainGame\DirectX</Filter>
    </ClInclude>
    <ClInclude Include="CGame.h">
      <Filter>MainGame\Game</Filter>
    </ClInclude>
    <ClInclude Include="CInput.h">
      <Filter>MainGame\Input</Filter>
    </ClInclude>
    <ClInclude Include="CMario.h">
      <Filter>MainGame\Mario</Filter>
    </ClInclude>
    <ClInclude Include="IAnimsManager.h">
      <Filter>MainGame\Animation</Filter>
    </ClInclude>
    <ClInclude Include="ISpritesManager.h">
      <Filter>MainGame\Sprite</Filter>
    </ClInclude>
    <ClInclude Include="ITexsManager.h">
      <Filter>MainGame\Texture</Filter>
    </ClInclude>
    <ClInclude Include="IDirectX.h">
      <Filter>MainGame\DirectX</Filter>
    </ClInclude>
    <ClInclude Include="IWindow.h">
      <Filter>MainGame\Window</Filter>
    </ClInclude>
    <ClInclude Include="CScene.h">
      <Filter>MainGame\Scene</Filter>
    </ClInclude>
    <ClInclude Include="CScenePlay.h">
      <Filter>MainGame\Scene\CScenePlay</Filter>
    </ClInclude>
    <ClInclude Include="CSceneKeyHandler.h">
      <Filter>MainGame\Scene</Filter>
    </ClInclude>
    <ClInclude Include="CKeyEventHandler.h">
      <Filter>MainGame\Input</Filter>
    </ClInclude>
    <ClInclude Include="CScenePlayKeyHandler.h">
      <Filter>MainGame\Scene\CScenePlay</Filter>
    </ClInclude>
    <ClInclude Include="CAnimationSetsManager.h">
      <Filter>MainGame\Animation</Filter>
    </ClInclude>
    <ClInclude Include="IAnimSetsManager.h">
      <Filter>MainGame\Animation</Filter>
    </ClInclude>
    <ClInclude Include="CGoomba.h">
      <Filter>MainGame\Goomba</Filter>
    </ClInclude>
    <ClInclude Include="CBrick.h">
      <Filter>MainGame\Brick</Filter>
    </ClInclude>
    <ClInclude Include="IHandleInput.h">
      <Filter>MainGame\Input</Filter>
    </ClInclude>
    <ClInclude Include="CSmallMario.h">
      <Filter>MainGame\Mario</Filter>
    </ClInclude>
    <ClInclude Include="MarioController.h">
      <Filter>MainGame\Mario</Filter>
    </ClInclude>
    <ClInclude Include="CBigMario.h">
      <Filter>MainGame\Mario</Filter>
    </ClInclude>
    <ClInclude Include="CFireMario.h">
      <Filter>MainGame\Mario</Filter>
    </ClInclude>
    <ClInclude Include="CRaccoonMario.h">
      <Filter>MainGame\Mario</Filter>
    </ClInclude>
    <ClInclude Include="ICommand.h">
      <Filter>MainGame\Command</Filter>
    </ClInclude>
    <ClInclude Include="JumpShortCommand.h">
      <Filter>MainGame\Command</Filter>
    </ClInclude>
    <ClInclude Include="IdleCommand.h">
      <Filter>MainGame\Command</Filter>
    </ClInclude>
    <ClInclude Include="WalkCommand.h">
      <Filter>MainGame\Command</Filter>
    </ClInclude>
  </ItemGroup>
</Project>